
Microsoft Visual Studio Solution File, Format Version 12.00
# Visual Studio Version 17
VisualStudioVersion = 17.14.36623.8
MinimumVisualStudioVersion = 10.0.40219.1
Project("{FAE04EC0-301F-11D3-BF4B-00C04F79EFBC}") = "ConnectApp.Application", "ConnectApp.Application\ConnectApp.Application.csproj", "{CDE9829E-560D-439C-A34C-E958C1BA57F5}"
EndProject
Project("{FAE04EC0-301F-11D3-BF4B-00C04F79EFBC}") = "ConnectApp.Domain", "ConnectApp.Domain\ConnectApp.Domain.csproj", "{4001845D-5DAF-457F-9F3A-71AB54E9D6ED}"
EndProject
Project("{FAE04EC0-301F-11D3-BF4B-00C04F79EFBC}") = "ConnectApp.Infrastructure", "ConnectApp.Infrastructure\ConnectApp.Infrastructure.csproj", "{1D4169DA-3B29-4284-A4F2-7EABEE95D6FF}"
EndProject
Project("{FAE04EC0-301F-11D3-BF4B-00C04F79EFBC}") = "ConnectApp.Shared", "ConnectApp.Shared\ConnectApp.Shared.csproj", "{CF7BBB13-6294-47ED-B0F5-291C671FB072}"
EndProject
Project("{FAE04EC0-301F-11D3-BF4B-00C04F79EFBC}") = "ConnectApp.Api", "ConnectApp.Api\ConnectApp.Api.csproj", "{F2A0BA0F-8D5E-395B-15DE-6BB6F2869162}"
EndProject
Global
	GlobalSection(SolutionConfigurationPlatforms) = preSolution
		Debug|Any CPU = Debug|Any CPU
		Release|Any CPU = Release|Any CPU
	EndGlobalSection
	GlobalSection(ProjectConfigurationPlatforms) = postSolution
		{CDE9829E-560D-439C-A34C-E958C1BA57F5}.Debug|Any CPU.ActiveCfg = Debug|Any CPU
		{CDE9829E-560D-439C-A34C-E958C1BA57F5}.Debug|Any CPU.Build.0 = Debug|Any CPU
		{CDE9829E-560D-439C-A34C-E958C1BA57F5}.Release|Any CPU.ActiveCfg = Release|Any CPU
		{CDE9829E-560D-439C-A34C-E958C1BA57F5}.Release|Any CPU.Build.0 = Release|Any CPU
		{4001845D-5DAF-457F-9F3A-71AB54E9D6ED}.Debug|Any CPU.ActiveCfg = Debug|Any CPU
		{4001845D-5DAF-457F-9F3A-71AB54E9D6ED}.Debug|Any CPU.Build.0 = Debug|Any CPU
		{4001845D-5DAF-457F-9F3A-71AB54E9D6ED}.Release|Any CPU.ActiveCfg = Release|Any CPU
		{4001845D-5DAF-457F-9F3A-71AB54E9D6ED}.Release|Any CPU.Build.0 = Release|Any CPU
		{1D4169DA-3B29-4284-A4F2-7EABEE95D6FF}.Debug|Any CPU.ActiveCfg = Debug|Any CPU
		{1D4169DA-3B29-4284-A4F2-7EABEE95D6FF}.Debug|Any CPU.Build.0 = Debug|Any CPU
		{1D4169DA-3B29-4284-A4F2-7EABEE95D6FF}.Release|Any CPU.ActiveCfg = Release|Any CPU
		{1D4169DA-3B29-4284-A4F2-7EABEE95D6FF}.Release|Any CPU.Build.0 = Release|Any CPU
		{CF7BBB13-6294-47ED-B0F5-291C671FB072}.Debug|Any CPU.ActiveCfg = Debug|Any CPU
		{CF7BBB13-6294-47ED-B0F5-291C671FB072}.Debug|Any CPU.Build.0 = Debug|Any CPU
		{CF7BBB13-6294-47ED-B0F5-291C671FB072}.Release|Any CPU.ActiveCfg = Release|Any CPU
		{CF7BBB13-6294-47ED-B0F5-291C671FB072}.Release|Any CPU.Build.0 = Release|Any CPU
		{F2A0BA0F-8D5E-395B-15DE-6BB6F2869162}.Debug|Any CPU.ActiveCfg = Debug|Any CPU
		{F2A0BA0F-8D5E-395B-15DE-6BB6F2869162}.Debug|Any CPU.Build.0 = Debug|Any CPU
		{F2A0BA0F-8D5E-395B-15DE-6BB6F2869162}.Release|Any CPU.ActiveCfg = Release|Any CPU
		{F2A0BA0F-8D5E-395B-15DE-6BB6F2869162}.Release|Any CPU.Build.0 = Release|Any CPU
	EndGlobalSection
	GlobalSection(SolutionProperties) = preSolution
		HideSolutionNode = FALSE
	EndGlobalSection
	GlobalSection(ExtensibilityGlobals) = postSolution
		SolutionGuid = {74DD342D-53BD-4E05-8172-B01FBB167120}
	EndGlobalSection
EndGlobal
